# This file is automatically @generated by Cargo.
# It is not intended for manual editing.
[[package]]
name = "passport-processing"
version = "0.1.0"

[[package]]
name = "password-philosophy"
version = "0.1.0"

[[package]]
name = "report-repair"
version = "0.1.0"

[[package]]
name = "toboggan-trajectory"
version = "0.1.0"

